// !$*UTF8*$!
{
	archiveVersion = 1;
	classes = {
	};
	objectVersion = 50;
	objects = {

/* Begin PBXBuildFile section */
		2C8A0C5A2083C01C0093783C /* CoreMedia.framework in Frameworks */ = {isa = PBXBuildFile; fileRef = 2C8A0C592083C01C0093783C /* CoreMedia.framework */; };
		2C8A0C5C2083C0230093783C /* CoreVideo.framework in Frameworks */ = {isa = PBXBuildFile; fileRef = 2C8A0C5B2083C0230093783C /* CoreVideo.framework */; };
		2C8A0C5E2083C0310093783C /* AssetsLibrary.framework in Frameworks */ = {isa = PBXBuildFile; fileRef = 2C8A0C5D2083C0310093783C /* AssetsLibrary.framework */; };
		2C8A0C602083C0920093783C /* AVFoundation.framework in Frameworks */ = {isa = PBXBuildFile; fileRef = 2C8A0C5F2083C0920093783C /* AVFoundation.framework */; };
		2C8A0C622083C1110093783C /* AVKit.framework in Frameworks */ = {isa = PBXBuildFile; fileRef = 2C8A0C612083C1110093783C /* AVKit.framework */; };
		2C8A0C642083C1E20093783C /* libc++.tbd in Frameworks */ = {isa = PBXBuildFile; fileRef = 2C8A0C632083C1E20093783C /* libc++.tbd */; };
		2C8A0C672083C2110093783C /* CoreGraphics.framework in Frameworks */ = {isa = PBXBuildFile; fileRef = 2C8A0C652083C2110093783C /* CoreGraphics.framework */; };
		2C8A0C682083C2110093783C /* CoreImage.framework in Frameworks */ = {isa = PBXBuildFile; fileRef = 2C8A0C662083C2110093783C /* CoreImage.framework */; };
		2CE254382083B4830046AC49 /* AppDelegate.swift in Sources */ = {isa = PBXBuildFile; fileRef = 2CE254372083B4830046AC49 /* AppDelegate.swift */; };
		2CE2543A2083B4830046AC49 /* ViewController.swift in Sources */ = {isa = PBXBuildFile; fileRef = 2CE254392083B4830046AC49 /* ViewController.swift */; };
		2CE2543D2083B4830046AC49 /* Main.storyboard in Resources */ = {isa = PBXBuildFile; fileRef = 2CE2543B2083B4830046AC49 /* Main.storyboard */; };
		2CE2543F2083B4840046AC49 /* Assets.xcassets in Resources */ = {isa = PBXBuildFile; fileRef = 2CE2543E2083B4840046AC49 /* Assets.xcassets */; };
		2CE254422083B4840046AC49 /* LaunchScreen.storyboard in Resources */ = {isa = PBXBuildFile; fileRef = 2CE254402083B4840046AC49 /* LaunchScreen.storyboard */; };
		2CE2544D2083B4840046AC49 /* FaceFunnyTests.swift in Sources */ = {isa = PBXBuildFile; fileRef = 2CE2544C2083B4840046AC49 /* FaceFunnyTests.swift */; };
		2CE254582083B4840046AC49 /* FaceFunnyUITests.swift in Sources */ = {isa = PBXBuildFile; fileRef = 2CE254572083B4840046AC49 /* FaceFunnyUITests.swift */; };
		34864ABF783FC2321A8BBA39 /* Pods_FaceFunnyTests.framework in Frameworks */ = {isa = PBXBuildFile; fileRef = F90CD51F6F1262E2150E8DB0 /* Pods_FaceFunnyTests.framework */; };
		83470830DBDE1E4B61802336 /* Pods_FaceFunny.framework in Frameworks */ = {isa = PBXBuildFile; fileRef = 6697F66EC41CD40F133687DF /* Pods_FaceFunny.framework */; };
		AF2BE76747B1B641456660BF /* Pods_FaceFunnyUITests.framework in Frameworks */ = {isa = PBXBuildFile; fileRef = 2CF73DB56CAF395BD02CF98F /* Pods_FaceFunnyUITests.framework */; };
/* End PBXBuildFile section */

/* Begin PBXContainerItemProxy section */
		2CE254492083B4840046AC49 /* PBXContainerItemProxy */ = {
			isa = PBXContainerItemProxy;
			containerPortal = 2CE2542C2083B4830046AC49 /* Project object */;
			proxyType = 1;
			remoteGlobalIDString = 2CE254332083B4830046AC49;
			remoteInfo = FaceFunny;
		};
		2CE254542083B4840046AC49 /* PBXContainerItemProxy */ = {
			isa = PBXContainerItemProxy;
			containerPortal = 2CE2542C2083B4830046AC49 /* Project object */;
			proxyType = 1;
			remoteGlobalIDString = 2CE254332083B4830046AC49;
			remoteInfo = FaceFunny;
		};
/* End PBXContainerItemProxy section */

/* Begin PBXFileReference section */
		016BBBB880425302614DAD7D /* Pods-FaceFunnyTests.debug.xcconfig */ = {isa = PBXFileReference; includeInIndex = 1; lastKnownFileType = text.xcconfig; name = "Pods-FaceFunnyTests.debug.xcconfig"; path = "Pods/Target Support Files/Pods-FaceFunnyTests/Pods-FaceFunnyTests.debug.xcconfig"; sourceTree = "<group>"; };
		0CFF3BCC02918157A67B0993 /* Pods-FaceFunnyTests.release.xcconfig */ = {isa = PBXFileReference; includeInIndex = 1; lastKnownFileType = text.xcconfig; name = "Pods-FaceFunnyTests.release.xcconfig"; path = "Pods/Target Support Files/Pods-FaceFunnyTests/Pods-FaceFunnyTests.release.xcconfig"; sourceTree = "<group>"; };
		2C8A0C592083C01C0093783C /* CoreMedia.framework */ = {isa = PBXFileReference; lastKnownFileType = wrapper.framework; name = CoreMedia.framework; path = System/Library/Frameworks/CoreMedia.framework; sourceTree = SDKROOT; };
		2C8A0C5B2083C0230093783C /* CoreVideo.framework */ = {isa = PBXFileReference; lastKnownFileType = wrapper.framework; name = CoreVideo.framework; path = System/Library/Frameworks/CoreVideo.framework; sourceTree = SDKROOT; };
		2C8A0C5D2083C0310093783C /* AssetsLibrary.framework */ = {isa = PBXFileReference; lastKnownFileType = wrapper.framework; name = AssetsLibrary.framework; path = System/Library/Frameworks/AssetsLibrary.framework; sourceTree = SDKROOT; };
		2C8A0C5F2083C0920093783C /* AVFoundation.framework */ = {isa = PBXFileReference; lastKnownFileType = wrapper.framework; name = AVFoundation.framework; path = System/Library/Frameworks/AVFoundation.framework; sourceTree = SDKROOT; };
		2C8A0C612083C1110093783C /* AVKit.framework */ = {isa = PBXFileReference; lastKnownFileType = wrapper.framework; name = AVKit.framework; path = System/Library/Frameworks/AVKit.framework; sourceTree = SDKROOT; };
		2C8A0C632083C1E20093783C /* libc++.tbd */ = {isa = PBXFileReference; lastKnownFileType = "sourcecode.text-based-dylib-definition"; name = "libc++.tbd"; path = "usr/lib/libc++.tbd"; sourceTree = SDKROOT; };
		2C8A0C652083C2110093783C /* CoreGraphics.framework */ = {isa = PBXFileReference; lastKnownFileType = wrapper.framework; name = CoreGraphics.framework; path = System/Library/Frameworks/CoreGraphics.framework; sourceTree = SDKROOT; };
		2C8A0C662083C2110093783C /* CoreImage.framework */ = {isa = PBXFileReference; lastKnownFileType = wrapper.framework; name = CoreImage.framework; path = System/Library/Frameworks/CoreImage.framework; sourceTree = SDKROOT; };
		2CE254342083B4830046AC49 /* FaceFunny.app */ = {isa = PBXFileReference; explicitFileType = wrapper.application; includeInIndex = 0; path = FaceFunny.app; sourceTree = BUILT_PRODUCTS_DIR; };
		2CE254372083B4830046AC49 /* AppDelegate.swift */ = {isa = PBXFileReference; lastKnownFileType = sourcecode.swift; path = AppDelegate.swift; sourceTree = "<group>"; };
		2CE254392083B4830046AC49 /* ViewController.swift */ = {isa = PBXFileReference; lastKnownFileType = sourcecode.swift; path = ViewController.swift; sourceTree = "<group>"; };
		2CE2543C2083B4830046AC49 /* Base */ = {isa = PBXFileReference; lastKnownFileType = file.storyboard; name = Base; path = Base.lproj/Main.storyboard; sourceTree = "<group>"; };
		2CE2543E2083B4840046AC49 /* Assets.xcassets */ = {isa = PBXFileReference; lastKnownFileType = folder.assetcatalog; path = Assets.xcassets; sourceTree = "<group>"; };
		2CE254412083B4840046AC49 /* Base */ = {isa = PBXFileReference; lastKnownFileType = file.storyboard; name = Base; path = Base.lproj/LaunchScreen.storyboard; sourceTree = "<group>"; };
		2CE254432083B4840046AC49 /* Info.plist */ = {isa = PBXFileReference; lastKnownFileType = text.plist.xml; path = Info.plist; sourceTree = "<group>"; };
		2CE254482083B4840046AC49 /* FaceFunnyTests.xctest */ = {isa = PBXFileReference; explicitFileType = wrapper.cfbundle; includeInIndex = 0; path = FaceFunnyTests.xctest; sourceTree = BUILT_PRODUCTS_DIR; };
		2CE2544C2083B4840046AC49 /* FaceFunnyTests.swift */ = {isa = PBXFileReference; lastKnownFileType = sourcecode.swift; path = FaceFunnyTests.swift; sourceTree = "<group>"; };
		2CE2544E2083B4840046AC49 /* Info.plist */ = {isa = PBXFileReference; lastKnownFileType = text.plist.xml; path = Info.plist; sourceTree = "<group>"; };
		2CE254532083B4840046AC49 /* FaceFunnyUITests.xctest */ = {isa = PBXFileReference; explicitFileType = wrapper.cfbundle; includeInIndex = 0; path = FaceFunnyUITests.xctest; sourceTree = BUILT_PRODUCTS_DIR; };
		2CE254572083B4840046AC49 /* FaceFunnyUITests.swift */ = {isa = PBXFileReference; lastKnownFileType = sourcecode.swift; path = FaceFunnyUITests.swift; sourceTree = "<group>"; };
		2CE254592083B4840046AC49 /* Info.plist */ = {isa = PBXFileReference; lastKnownFileType = text.plist.xml; path = Info.plist; sourceTree = "<group>"; };
		2CF73DB56CAF395BD02CF98F /* Pods_FaceFunnyUITests.framework */ = {isa = PBXFileReference; explicitFileType = wrapper.framework; includeInIndex = 0; path = Pods_FaceFunnyUITests.framework; sourceTree = BUILT_PRODUCTS_DIR; };
		479189E96AF6912CF74B8467 /* Pods-FaceFunnyUITests.debug.xcconfig */ = {isa = PBXFileReference; includeInIndex = 1; lastKnownFileType = text.xcconfig; name = "Pods-FaceFunnyUITests.debug.xcconfig"; path = "Pods/Target Support Files/Pods-FaceFunnyUITests/Pods-FaceFunnyUITests.debug.xcconfig"; sourceTree = "<group>"; };
		6697F66EC41CD40F133687DF /* Pods_FaceFunny.framework */ = {isa = PBXFileReference; explicitFileType = wrapper.framework; includeInIndex = 0; path = Pods_FaceFunny.framework; sourceTree = BUILT_PRODUCTS_DIR; };
		A7016DDBBAD44B4BBEE17DB8 /* Pods-FaceFunnyUITests.release.xcconfig */ = {isa = PBXFileReference; includeInIndex = 1; lastKnownFileType = text.xcconfig; name = "Pods-FaceFunnyUITests.release.xcconfig"; path = "Pods/Target Support Files/Pods-FaceFunnyUITests/Pods-FaceFunnyUITests.release.xcconfig"; sourceTree = "<group>"; };
		F40B9FC8C6E1D8EED37E191B /* Pods-FaceFunny.release.xcconfig */ = {isa = PBXFileReference; includeInIndex = 1; lastKnownFileType = text.xcconfig; name = "Pods-FaceFunny.release.xcconfig"; path = "Pods/Target Support Files/Pods-FaceFunny/Pods-FaceFunny.release.xcconfig"; sourceTree = "<group>"; };
		F82D6D0FFFDA94404D46EE3A /* Pods-FaceFunny.debug.xcconfig */ = {isa = PBXFileReference; includeInIndex = 1; lastKnownFileType = text.xcconfig; name = "Pods-FaceFunny.debug.xcconfig"; path = "Pods/Target Support Files/Pods-FaceFunny/Pods-FaceFunny.debug.xcconfig"; sourceTree = "<group>"; };
		F90CD51F6F1262E2150E8DB0 /* Pods_FaceFunnyTests.framework */ = {isa = PBXFileReference; explicitFileType = wrapper.framework; includeInIndex = 0; path = Pods_FaceFunnyTests.framework; sourceTree = BUILT_PRODUCTS_DIR; };
/* End PBXFileReference section */

/* Begin PBXFrameworksBuildPhase section */
		2CE254312083B4830046AC49 /* Frameworks */ = {
			isa = PBXFrameworksBuildPhase;
			buildActionMask = 2147483647;
			files = (
				2C8A0C672083C2110093783C /* CoreGraphics.framework in Frameworks */,
				2C8A0C682083C2110093783C /* CoreImage.framework in Frameworks */,
				2C8A0C642083C1E20093783C /* libc++.tbd in Frameworks */,
				2C8A0C622083C1110093783C /* AVKit.framework in Frameworks */,
				2C8A0C602083C0920093783C /* AVFoundation.framework in Frameworks */,
				2C8A0C5E2083C0310093783C /* AssetsLibrary.framework in Frameworks */,
				2C8A0C5C2083C0230093783C /* CoreVideo.framework in Frameworks */,
				2C8A0C5A2083C01C0093783C /* CoreMedia.framework in Frameworks */,
				83470830DBDE1E4B61802336 /* Pods_FaceFunny.framework in Frameworks */,
			);
			runOnlyForDeploymentPostprocessing = 0;
		};
		2CE254452083B4840046AC49 /* Frameworks */ = {
			isa = PBXFrameworksBuildPhase;
			buildActionMask = 2147483647;
			files = (
				34864ABF783FC2321A8BBA39 /* Pods_FaceFunnyTests.framework in Frameworks */,
			);
			runOnlyForDeploymentPostprocessing = 0;
		};
		2CE254502083B4840046AC49 /* Frameworks */ = {
			isa = PBXFrameworksBuildPhase;
			buildActionMask = 2147483647;
			files = (
				AF2BE76747B1B641456660BF /* Pods_FaceFunnyUITests.framework in Frameworks */,
			);
			runOnlyForDeploymentPostprocessing = 0;
		};
/* End PBXFrameworksBuildPhase section */

/* Begin PBXGroup section */
		2CE2542B2083B4830046AC49 = {
			isa = PBXGroup;
			children = (
				2CE254362083B4830046AC49 /* FaceFunny */,
				2CE2544B2083B4840046AC49 /* FaceFunnyTests */,
				2CE254562083B4840046AC49 /* FaceFunnyUITests */,
				2CE254352083B4830046AC49 /* Products */,
				E5AE51B3F03375C53C849B9F /* Pods */,
				CAC16935B4C445DDAE804493 /* Frameworks */,
			);
			sourceTree = "<group>";
		};
		2CE254352083B4830046AC49 /* Products */ = {
			isa = PBXGroup;
			children = (
				2CE254342083B4830046AC49 /* FaceFunny.app */,
				2CE254482083B4840046AC49 /* FaceFunnyTests.xctest */,
				2CE254532083B4840046AC49 /* FaceFunnyUITests.xctest */,
			);
			name = Products;
			sourceTree = "<group>";
		};
		2CE254362083B4830046AC49 /* FaceFunny */ = {
			isa = PBXGroup;
			children = (
				2CE254372083B4830046AC49 /* AppDelegate.swift */,
				2CE254392083B4830046AC49 /* ViewController.swift */,
				2CE2543B2083B4830046AC49 /* Main.storyboard */,
				2CE2543E2083B4840046AC49 /* Assets.xcassets */,
				2CE254402083B4840046AC49 /* LaunchScreen.storyboard */,
				2CE254432083B4840046AC49 /* Info.plist */,
			);
			path = FaceFunny;
			sourceTree = "<group>";
		};
		2CE2544B2083B4840046AC49 /* FaceFunnyTests */ = {
			isa = PBXGroup;
			children = (
				2CE2544C2083B4840046AC49 /* FaceFunnyTests.swift */,
				2CE2544E2083B4840046AC49 /* Info.plist */,
			);
			path = FaceFunnyTests;
			sourceTree = "<group>";
		};
		2CE254562083B4840046AC49 /* FaceFunnyUITests */ = {
			isa = PBXGroup;
			children = (
				2CE254572083B4840046AC49 /* FaceFunnyUITests.swift */,
				2CE254592083B4840046AC49 /* Info.plist */,
			);
			path = FaceFunnyUITests;
			sourceTree = "<group>";
		};
		CAC16935B4C445DDAE804493 /* Frameworks */ = {
			isa = PBXGroup;
			children = (
				2C8A0C652083C2110093783C /* CoreGraphics.framework */,
				2C8A0C662083C2110093783C /* CoreImage.framework */,
				2C8A0C632083C1E20093783C /* libc++.tbd */,
				2C8A0C612083C1110093783C /* AVKit.framework */,
				2C8A0C5F2083C0920093783C /* AVFoundation.framework */,
				2C8A0C5D2083C0310093783C /* AssetsLibrary.framework */,
				2C8A0C5B2083C0230093783C /* CoreVideo.framework */,
				2C8A0C592083C01C0093783C /* CoreMedia.framework */,
				6697F66EC41CD40F133687DF /* Pods_FaceFunny.framework */,
				F90CD51F6F1262E2150E8DB0 /* Pods_FaceFunnyTests.framework */,
				2CF73DB56CAF395BD02CF98F /* Pods_FaceFunnyUITests.framework */,
			);
			name = Frameworks;
			sourceTree = "<group>";
		};
		E5AE51B3F03375C53C849B9F /* Pods */ = {
			isa = PBXGroup;
			children = (
				F82D6D0FFFDA94404D46EE3A /* Pods-FaceFunny.debug.xcconfig */,
				F40B9FC8C6E1D8EED37E191B /* Pods-FaceFunny.release.xcconfig */,
				016BBBB880425302614DAD7D /* Pods-FaceFunnyTests.debug.xcconfig */,
				0CFF3BCC02918157A67B0993 /* Pods-FaceFunnyTests.release.xcconfig */,
				479189E96AF6912CF74B8467 /* Pods-FaceFunnyUITests.debug.xcconfig */,
				A7016DDBBAD44B4BBEE17DB8 /* Pods-FaceFunnyUITests.release.xcconfig */,
			);
			name = Pods;
			sourceTree = "<group>";
		};
/* End PBXGroup section */

/* Begin PBXNativeTarget section */
		2CE254332083B4830046AC49 /* FaceFunny */ = {
			isa = PBXNativeTarget;
			buildConfigurationList = 2CE2545C2083B4840046AC49 /* Build configuration list for PBXNativeTarget "FaceFunny" */;
			buildPhases = (
				7DD44D79C0991151F888EA7B /* [CP] Check Pods Manifest.lock */,
				2CE254302083B4830046AC49 /* Sources */,
				2CE254312083B4830046AC49 /* Frameworks */,
				2CE254322083B4830046AC49 /* Resources */,
				C5417E3F1AFAA0244CA53704 /* [CP] Embed Pods Frameworks */,
				1BD9964DAD19FB99F8A58A9C /* [CP] Copy Pods Resources */,
			);
			buildRules = (
			);
			dependencies = (
			);
			name = FaceFunny;
			productName = FaceFunny;
			productReference = 2CE254342083B4830046AC49 /* FaceFunny.app */;
			productType = "com.apple.product-type.application";
		};
		2CE254472083B4840046AC49 /* FaceFunnyTests */ = {
			isa = PBXNativeTarget;
			buildConfigurationList = 2CE2545F2083B4840046AC49 /* Build configuration list for PBXNativeTarget "FaceFunnyTests" */;
			buildPhases = (
				34344740E4F4F674CA09D81F /* [CP] Check Pods Manifest.lock */,
				2CE254442083B4840046AC49 /* Sources */,
				2CE254452083B4840046AC49 /* Frameworks */,
				2CE254462083B4840046AC49 /* Resources */,
				6C3981BC7F5BA11C8232F128 /* [CP] Embed Pods Frameworks */,
				415AC1A2C257C12935865431 /* [CP] Copy Pods Resources */,
			);
			buildRules = (
			);
			dependencies = (
				2CE2544A2083B4840046AC49 /* PBXTargetDependency */,
			);
			name = FaceFunnyTests;
			productName = FaceFunnyTests;
			productReference = 2CE254482083B4840046AC49 /* FaceFunnyTests.xctest */;
			productType = "com.apple.product-type.bundle.unit-test";
		};
		2CE254522083B4840046AC49 /* FaceFunnyUITests */ = {
			isa = PBXNativeTarget;
			buildConfigurationList = 2CE254622083B4840046AC49 /* Build configuration list for PBXNativeTarget "FaceFunnyUITests" */;
			buildPhases = (
				2E342EB7E847940FC63826A8 /* [CP] Check Pods Manifest.lock */,
				2CE2544F2083B4840046AC49 /* Sources */,
				2CE254502083B4840046AC49 /* Frameworks */,
				2CE254512083B4840046AC49 /* Resources */,
				D313B2340B18321993A689CD /* [CP] Embed Pods Frameworks */,
				9AF4605CE4BCCBA2F5DB3EB5 /* [CP] Copy Pods Resources */,
			);
			buildRules = (
			);
			dependencies = (
				2CE254552083B4840046AC49 /* PBXTargetDependency */,
			);
			name = FaceFunnyUITests;
			productName = FaceFunnyUITests;
			productReference = 2CE254532083B4840046AC49 /* FaceFunnyUITests.xctest */;
			productType = "com.apple.product-type.bundle.ui-testing";
		};
/* End PBXNativeTarget section */

/* Begin PBXProject section */
		2CE2542C2083B4830046AC49 /* Project object */ = {
			isa = PBXProject;
			attributes = {
				LastSwiftUpdateCheck = 0930;
				LastUpgradeCheck = 0930;
				ORGANIZATIONNAME = BachVQ;
				TargetAttributes = {
					2CE254332083B4830046AC49 = {
						CreatedOnToolsVersion = 9.3;
					};
					2CE254472083B4840046AC49 = {
						CreatedOnToolsVersion = 9.3;
						TestTargetID = 2CE254332083B4830046AC49;
					};
					2CE254522083B4840046AC49 = {
						CreatedOnToolsVersion = 9.3;
						TestTargetID = 2CE254332083B4830046AC49;
					};
				};
			};
			buildConfigurationList = 2CE2542F2083B4830046AC49 /* Build configuration list for PBXProject "FaceFunny" */;
			compatibilityVersion = "Xcode 9.3";
			developmentRegion = en;
			hasScannedForEncodings = 0;
			knownRegions = (
				en,
				Base,
			);
			mainGroup = 2CE2542B2083B4830046AC49;
			productRefGroup = 2CE254352083B4830046AC49 /* Products */;
			projectDirPath = "";
			projectRoot = "";
			targets = (
				2CE254332083B4830046AC49 /* FaceFunny */,
				2CE254472083B4840046AC49 /* FaceFunnyTests */,
				2CE254522083B4840046AC49 /* FaceFunnyUITests */,
			);
		};
/* End PBXProject section */

/* Begin PBXResourcesBuildPhase section */
		2CE254322083B4830046AC49 /* Resources */ = {
			isa = PBXResourcesBuildPhase;
			buildActionMask = 2147483647;
			files = (
				2CE254422083B4840046AC49 /* LaunchScreen.storyboard in Resources */,
				2CE2543F2083B4840046AC49 /* Assets.xcassets in Resources */,
				2CE2543D2083B4830046AC49 /* Main.storyboard in Resources */,
			);
			runOnlyForDeploymentPostprocessing = 0;
		};
		2CE254462083B4840046AC49 /* Resources */ = {
			isa = PBXResourcesBuildPhase;
			buildActionMask = 2147483647;
			files = (
			);
			runOnlyForDeploymentPostprocessing = 0;
		};
		2CE254512083B4840046AC49 /* Resources */ = {
			isa = PBXResourcesBuildPhase;
			buildActionMask = 2147483647;
			files = (
			);
			runOnlyForDeploymentPostprocessing = 0;
		};
/* End PBXResourcesBuildPhase section */

/* Begin PBXShellScriptBuildPhase section */
		1BD9964DAD19FB99F8A58A9C /* [CP] Copy Pods Resources */ = {
			isa = PBXShellScriptBuildPhase;
			buildActionMask = 2147483647;
			files = (
			);
			inputPaths = (
			);
			name = "[CP] Copy Pods Resources";
			outputPaths = (
			);
			runOnlyForDeploymentPostprocessing = 0;
			shellPath = /bin/sh;
			shellScript = "\"${SRCROOT}/Pods/Target Support Files/Pods-FaceFunny/Pods-FaceFunny-resources.sh\"\n";
			showEnvVarsInLog = 0;
		};
		2E342EB7E847940FC63826A8 /* [CP] Check Pods Manifest.lock */ = {
			isa = PBXShellScriptBuildPhase;
			buildActionMask = 2147483647;
			files = (
			);
			inputPaths = (
				"${PODS_PODFILE_DIR_PATH}/Podfile.lock",
				"${PODS_ROOT}/Manifest.lock",
			);
			name = "[CP] Check Pods Manifest.lock";
			outputPaths = (
				"$(DERIVED_FILE_DIR)/Pods-FaceFunnyUITests-checkManifestLockResult.txt",
			);
			runOnlyForDeploymentPostprocessing = 0;
			shellPath = /bin/sh;
			shellScript = "diff \"${PODS_PODFILE_DIR_PATH}/Podfile.lock\" \"${PODS_ROOT}/Manifest.lock\" > /dev/null\nif [ $? != 0 ] ; then\n    # print error to STDERR\n    echo \"error: The sandbox is not in sync with the Podfile.lock. Run 'pod install' or update your CocoaPods installation.\" >&2\n    exit 1\nfi\n# This output is used by Xcode 'outputs' to avoid re-running this script phase.\necho \"SUCCESS\" > \"${SCRIPT_OUTPUT_FILE_0}\"\n";
			showEnvVarsInLog = 0;
		};
		34344740E4F4F674CA09D81F /* [CP] Check Pods Manifest.lock */ = {
			isa = PBXShellScriptBuildPhase;
			buildActionMask = 2147483647;
			files = (
			);
			inputPaths = (
				"${PODS_PODFILE_DIR_PATH}/Podfile.lock",
				"${PODS_ROOT}/Manifest.lock",
			);
			name = "[CP] Check Pods Manifest.lock";
			outputPaths = (
				"$(DERIVED_FILE_DIR)/Pods-FaceFunnyTests-checkManifestLockResult.txt",
			);
			runOnlyForDeploymentPostprocessing = 0;
			shellPath = /bin/sh;
			shellScript = "diff \"${PODS_PODFILE_DIR_PATH}/Podfile.lock\" \"${PODS_ROOT}/Manifest.lock\" > /dev/null\nif [ $? != 0 ] ; then\n    # print error to STDERR\n    echo \"error: The sandbox is not in sync with the Podfile.lock. Run 'pod install' or update your CocoaPods installation.\" >&2\n    exit 1\nfi\n# This output is used by Xcode 'outputs' to avoid re-running this script phase.\necho \"SUCCESS\" > \"${SCRIPT_OUTPUT_FILE_0}\"\n";
			showEnvVarsInLog = 0;
		};
		415AC1A2C257C12935865431 /* [CP] Copy Pods Resources */ = {
			isa = PBXShellScriptBuildPhase;
			buildActionMask = 2147483647;
			files = (
			);
			inputPaths = (
			);
			name = "[CP] Copy Pods Resources";
			outputPaths = (
			);
			runOnlyForDeploymentPostprocessing = 0;
			shellPath = /bin/sh;
			shellScript = "\"${SRCROOT}/Pods/Target Support Files/Pods-FaceFunnyTests/Pods-FaceFunnyTests-resources.sh\"\n";
			showEnvVarsInLog = 0;
		};
		6C3981BC7F5BA11C8232F128 /* [CP] Embed Pods Frameworks */ = {
			isa = PBXShellScriptBuildPhase;
			buildActionMask = 2147483647;
			files = (
			);
			inputPaths = (
			);
			name = "[CP] Embed Pods Frameworks";
			outputPaths = (
			);
			runOnlyForDeploymentPostprocessing = 0;
			shellPath = /bin/sh;
			shellScript = "\"${SRCROOT}/Pods/Target Support Files/Pods-FaceFunnyTests/Pods-FaceFunnyTests-frameworks.sh\"\n";
			showEnvVarsInLog = 0;
		};
		7DD44D79C0991151F888EA7B /* [CP] Check Pods Manifest.lock */ = {
			isa = PBXShellScriptBuildPhase;
			buildActionMask = 2147483647;
			files = (
			);
			inputPaths = (
				"${PODS_PODFILE_DIR_PATH}/Podfile.lock",
				"${PODS_ROOT}/Manifest.lock",
			);
			name = "[CP] Check Pods Manifest.lock";
			outputPaths = (
				"$(DERIVED_FILE_DIR)/Pods-FaceFunny-checkManifestLockResult.txt",
			);
			runOnlyForDeploymentPostprocessing = 0;
			shellPath = /bin/sh;
			shellScript = "diff \"${PODS_PODFILE_DIR_PATH}/Podfile.lock\" \"${PODS_ROOT}/Manifest.lock\" > /dev/null\nif [ $? != 0 ] ; then\n    # print error to STDERR\n    echo \"error: The sandbox is not in sync with the Podfile.lock. Run 'pod install' or update your CocoaPods installation.\" >&2\n    exit 1\nfi\n# This output is used by Xcode 'outputs' to avoid re-running this script phase.\necho \"SUCCESS\" > \"${SCRIPT_OUTPUT_FILE_0}\"\n";
			showEnvVarsInLog = 0;
		};
		9AF4605CE4BCCBA2F5DB3EB5 /* [CP] Copy Pods Resources */ = {
			isa = PBXShellScriptBuildPhase;
			buildActionMask = 2147483647;
			files = (
			);
			inputPaths = (
			);
			name = "[CP] Copy Pods Resources";
			outputPaths = (
			);
			runOnlyForDeploymentPostprocessing = 0;
			shellPath = /bin/sh;
			shellScript = "\"${SRCROOT}/Pods/Target Support Files/Pods-FaceFunnyUITests/Pods-FaceFunnyUITests-resources.sh\"\n";
			showEnvVarsInLog = 0;
		};
		C5417E3F1AFAA0244CA53704 /* [CP] Embed Pods Frameworks */ = {
			isa = PBXShellScriptBuildPhase;
			buildActionMask = 2147483647;
			files = (
			);
			inputPaths = (
				"${SRCROOT}/Pods/Target Support Files/Pods-FaceFunny/Pods-FaceFunny-frameworks.sh",
				"${BUILT_PRODUCTS_DIR}/Alamofire/Alamofire.framework",
				"${BUILT_PRODUCTS_DIR}/OpenCV/opencv2.framework",
				"${BUILT_PRODUCTS_DIR}/Realm/Realm.framework",
				"${BUILT_PRODUCTS_DIR}/RxCocoa/RxCocoa.framework",
				"${BUILT_PRODUCTS_DIR}/RxSwift/RxSwift.framework",
			);
			name = "[CP] Embed Pods Frameworks";
			outputPaths = (
				"${TARGET_BUILD_DIR}/${FRAMEWORKS_FOLDER_PATH}/Alamofire.framework",
				"${TARGET_BUILD_DIR}/${FRAMEWORKS_FOLDER_PATH}/opencv2.framework",
				"${TARGET_BUILD_DIR}/${FRAMEWORKS_FOLDER_PATH}/Realm.framework",
				"${TARGET_BUILD_DIR}/${FRAMEWORKS_FOLDER_PATH}/RxCocoa.framework",
				"${TARGET_BUILD_DIR}/${FRAMEWORKS_FOLDER_PATH}/RxSwift.framework",
			);
			runOnlyForDeploymentPostprocessing = 0;
			shellPath = /bin/sh;
			shellScript = "\"${SRCROOT}/Pods/Target Support Files/Pods-FaceFunny/Pods-FaceFunny-frameworks.sh\"\n";
			showEnvVarsInLog = 0;
		};
		D313B2340B18321993A689CD /* [CP] Embed Pods Frameworks */ = {
			isa = PBXShellScriptBuildPhase;
			buildActionMask = 2147483647;
			files = (
			);
			inputPaths = (
			);
			name = "[CP] Embed Pods Frameworks";
			outputPaths = (
			);
			runOnlyForDeploymentPostprocessing = 0;
			shellPath = /bin/sh;
			shellScript = "\"${SRCROOT}/Pods/Target Support Files/Pods-FaceFunnyUITests/Pods-FaceFunnyUITests-frameworks.sh\"\n";
			showEnvVarsInLog = 0;
		};
/* End PBXShellScriptBuildPhase section */

/* Begin PBXSourcesBuildPhase section */
		2CE254302083B4830046AC49 /* Sources */ = {
			isa = PBXSourcesBuildPhase;
			buildActionMask = 2147483647;
			files = (
				2CE2543A2083B4830046AC49 /* ViewController.swift in Sources */,
				2CE254382083B4830046AC49 /* AppDelegate.swift in Sources */,
			);
			runOnlyForDeploymentPostprocessing = 0;
		};
		2CE254442083B4840046AC49 /* Sources */ = {
			isa = PBXSourcesBuildPhase;
			buildActionMask = 2147483647;
			files = (
				2CE2544D2083B4840046AC49 /* FaceFunnyTests.swift in Sources */,
			);
			runOnlyForDeploymentPostprocessing = 0;
		};
		2CE2544F2083B4840046AC49 /* Sources */ = {
			isa = PBXSourcesBuildPhase;
			buildActionMask = 2147483647;
			files = (
				2CE254582083B4840046AC49 /* FaceFunnyUITests.swift in Sources */,
			);
			runOnlyForDeploymentPostprocessing = 0;
		};
/* End PBXSourcesBuildPhase section */

/* Begin PBXTargetDependency section */
		2CE2544A2083B4840046AC49 /* PBXTargetDependency */ = {
			isa = PBXTargetDependency;
			target = 2CE254332083B4830046AC49 /* FaceFunny */;
			targetProxy = 2CE254492083B4840046AC49 /* PBXContainerItemProxy */;
		};
		2CE254552083B4840046AC49 /* PBXTargetDependency */ = {
			isa = PBXTargetDependency;
			target = 2CE254332083B4830046AC49 /* FaceFunny */;
			targetProxy = 2CE254542083B4840046AC49 /* PBXContainerItemProxy */;
		};
/* End PBXTargetDependency section */

/* Begin PBXVariantGroup section */
		2CE2543B2083B4830046AC49 /* Main.storyboard */ = {
			isa = PBXVariantGroup;
			children = (
				2CE2543C2083B4830046AC49 /* Base */,
			);
			name = Main.storyboard;
			sourceTree = "<group>";
		};
		2CE254402083B4840046AC49 /* LaunchScreen.storyboard */ = {
			isa = PBXVariantGroup;
			children = (
				2CE254412083B4840046AC49 /* Base */,
			);
			name = LaunchScreen.storyboard;
			sourceTree = "<group>";
		};
/* End PBXVariantGroup section */

/* Begin XCBuildConfiguration section */
		2CE2545A2083B4840046AC49 /* Debug */ = {
			isa = XCBuildConfiguration;
			buildSettings = {
				ALWAYS_SEARCH_USER_PATHS = NO;
				CLANG_ANALYZER_NONNULL = YES;
				CLANG_ANALYZER_NUMBER_OBJECT_CONVERSION = YES_AGGRESSIVE;
				CLANG_CXX_LANGUAGE_STANDARD = "gnu++14";
				CLANG_CXX_LIBRARY = "libc++";
				CLANG_ENABLE_MODULES = YES;
				CLANG_ENABLE_OBJC_ARC = YES;
				CLANG_ENABLE_OBJC_WEAK = YES;
				CLANG_WARN_BLOCK_CAPTURE_AUTORELEASING = YES;
				CLANG_WARN_BOOL_CONVERSION = YES;
				CLANG_WARN_COMMA = YES;
				CLANG_WARN_CONSTANT_CONVERSION = YES;
				CLANG_WARN_DEPRECATED_OBJC_IMPLEMENTATIONS = YES;
				CLANG_WARN_DIRECT_OBJC_ISA_USAGE = YES_ERROR;
				CLANG_WARN_DOCUMENTATION_COMMENTS = YES;
				CLANG_WARN_EMPTY_BODY = YES;
				CLANG_WARN_ENUM_CONVERSION = YES;
				CLANG_WARN_INFINITE_RECURSION = YES;
				CLANG_WARN_INT_CONVERSION = YES;
				CLANG_WARN_NON_LITERAL_NULL_CONVERSION = YES;
				CLANG_WARN_OBJC_IMPLICIT_RETAIN_SELF = YES;
				CLANG_WARN_OBJC_LITERAL_CONVERSION = YES;
				CLANG_WARN_OBJC_ROOT_CLASS = YES_ERROR;
				CLANG_WARN_RANGE_LOOP_ANALYSIS = YES;
				CLANG_WARN_STRICT_PROTOTYPES = YES;
				CLANG_WARN_SUSPICIOUS_MOVE = YES;
				CLANG_WARN_UNGUARDED_AVAILABILITY = YES_AGGRESSIVE;
				CLANG_WARN_UNREACHABLE_CODE = YES;
				CLANG_WARN__DUPLICATE_METHOD_MATCH = YES;
				CODE_SIGN_IDENTITY = "iPhone Developer";
				COPY_PHASE_STRIP = NO;
				DEBUG_INFORMATION_FORMAT = dwarf;
				ENABLE_STRICT_OBJC_MSGSEND = YES;
				ENABLE_TESTABILITY = YES;
				GCC_C_LANGUAGE_STANDARD = gnu11;
				GCC_DYNAMIC_NO_PIC = NO;
				GCC_NO_COMMON_BLOCKS = YES;
				GCC_OPTIMIZATION_LEVEL = 0;
				GCC_PREPROCESSOR_DEFINITIONS = (
					"DEBUG=1",
					"$(inherited)",
				);
				GCC_WARN_64_TO_32_BIT_CONVERSION = YES;
				GCC_WARN_ABOUT_RETURN_TYPE = YES_ERROR;
				GCC_WARN_UNDECLARED_SELECTOR = YES;
				GCC_WARN_UNINITIALIZED_AUTOS = YES_AGGRESSIVE;
				GCC_WARN_UNUSED_FUNCTION = YES;
				GCC_WARN_UNUSED_VARIABLE = YES;
				IPHONEOS_DEPLOYMENT_TARGET = 11.3;
				MTL_ENABLE_DEBUG_INFO = YES;
				ONLY_ACTIVE_ARCH = YES;
				SDKROOT = iphoneos;
				SWIFT_ACTIVE_COMPILATION_CONDITIONS = DEBUG;
				SWIFT_OPTIMIZATION_LEVEL = "-Onone";
			};
			name = Debug;
		};
		2CE2545B2083B4840046AC49 /* Release */ = {
			isa = XCBuildConfiguration;
			buildSettings = {
				ALWAYS_SEARCH_USER_PATHS = NO;
				CLANG_ANALYZER_NONNULL = YES;
				CLANG_ANALYZER_NUMBER_OBJECT_CONVERSION = YES_AGGRESSIVE;
				CLANG_CXX_LANGUAGE_STANDARD = "gnu++14";
				CLANG_CXX_LIBRARY = "libc++";
				CLANG_ENABLE_MODULES = YES;
				CLANG_ENABLE_OBJC_ARC = YES;
				CLANG_ENABLE_OBJC_WEAK = YES;
				CLANG_WARN_BLOCK_CAPTURE_AUTORELEASING = YES;
				CLANG_WARN_BOOL_CONVERSION = YES;
				CLANG_WARN_COMMA = YES;
				CLANG_WARN_CONSTANT_CONVERSION = YES;
				CLANG_WARN_DEPRECATED_OBJC_IMPLEMENTATIONS = YES;
				CLANG_WARN_DIRECT_OBJC_ISA_USAGE = YES_ERROR;
				CLANG_WARN_DOCUMENTATION_COMMENTS = YES;
				CLANG_WARN_EMPTY_BODY = YES;
				CLANG_WARN_ENUM_CONVERSION = YES;
				CLANG_WARN_INFINITE_RECURSION = YES;
				CLANG_WARN_INT_CONVERSION = YES;
				CLANG_WARN_NON_LITERAL_NULL_CONVERSION = YES;
				CLANG_WARN_OBJC_IMPLICIT_RETAIN_SELF = YES;
				CLANG_WARN_OBJC_LITERAL_CONVERSION = YES;
				CLANG_WARN_OBJC_ROOT_CLASS = YES_ERROR;
				CLANG_WARN_RANGE_LOOP_ANALYSIS = YES;
				CLANG_WARN_STRICT_PROTOTYPES = YES;
				CLANG_WARN_SUSPICIOUS_MOVE = YES;
				CLANG_WARN_UNGUARDED_AVAILABILITY = YES_AGGRESSIVE;
				CLANG_WARN_UNREACHABLE_CODE = YES;
				CLANG_WARN__DUPLICATE_METHOD_MATCH = YES;
				CODE_SIGN_IDENTITY = "iPhone Developer";
				COPY_PHASE_STRIP = NO;
				DEBUG_INFORMATION_FORMAT = "dwarf-with-dsym";
				ENABLE_NS_ASSERTIONS = NO;
				ENABLE_STRICT_OBJC_MSGSEND = YES;
				GCC_C_LANGUAGE_STANDARD = gnu11;
				GCC_NO_COMMON_BLOCKS = YES;
				GCC_WARN_64_TO_32_BIT_CONVERSION = YES;
				GCC_WARN_ABOUT_RETURN_TYPE = YES_ERROR;
				GCC_WARN_UNDECLARED_SELECTOR = YES;
				GCC_WARN_UNINITIALIZED_AUTOS = YES_AGGRESSIVE;
				GCC_WARN_UNUSED_FUNCTION = YES;
				GCC_WARN_UNUSED_VARIABLE = YES;
				IPHONEOS_DEPLOYMENT_TARGET = 11.3;
				MTL_ENABLE_DEBUG_INFO = NO;
				SDKROOT = iphoneos;
				SWIFT_COMPILATION_MODE = wholemodule;
				SWIFT_OPTIMIZATION_LEVEL = "-O";
				VALIDATE_PRODUCT = YES;
			};
			name = Release;
		};
		2CE2545D2083B4840046AC49 /* Debug */ = {
			isa = XCBuildConfiguration;
			baseConfigurationReference = F82D6D0FFFDA94404D46EE3A /* Pods-FaceFunny.debug.xcconfig */;
			buildSettings = {
				ASSETCATALOG_COMPILER_APPICON_NAME = AppIcon;
				CODE_SIGN_STYLE = Automatic;
				DEVELOPMENT_TEAM = JGXXBSPSUH;
				FRAMEWORK_SEARCH_PATHS = (
					"$(inherited)",
					"$(PROJECT_DIR)/FaceFunny/Libs",
				);
				INFOPLIST_FILE = FaceFunny/Info.plist;
				LD_RUNPATH_SEARCH_PATHS = "$(inherited) @executable_path/Frameworks";
				PRODUCT_BUNDLE_IDENTIFIER = vqbach.FaceFunny;
				PRODUCT_NAME = "$(TARGET_NAME)";
				SWIFT_VERSION = 4.0;
				TARGETED_DEVICE_FAMILY = "1,2";
			};
			name = Debug;
		};
		2CE2545E2083B4840046AC49 /* Release */ = {
			isa = XCBuildConfiguration;
			baseConfigurationReference = F40B9FC8C6E1D8EED37E191B /* Pods-FaceFunny.release.xcconfig */;
			buildSettings = {
				ASSETCATALOG_COMPILER_APPICON_NAME = AppIcon;
				CODE_SIGN_STYLE = Automatic;
				DEVELOPMENT_TEAM = JGXXBSPSUH;
				FRAMEWORK_SEARCH_PATHS = (
					"$(inherited)",
					"$(PROJECT_DIR)/FaceFunny/Libs",
				);
				INFOPLIST_FILE = FaceFunny/Info.plist;
				LD_RUNPATH_SEARCH_PATHS = "$(inherited) @executable_path/Frameworks";
				PRODUCT_BUNDLE_IDENTIFIER = vqbach.FaceFunny;
				PRODUCT_NAME = "$(TARGET_NAME)";
				SWIFT_VERSION = 4.0;
				TARGETED_DEVICE_FAMILY = "1,2";
			};
			name = Release;
		};
		2CE254602083B4840046AC49 /* Debug */ = {
			isa = XCBuildConfiguration;
			baseConfigurationReference = 016BBBB880425302614DAD7D /* Pods-FaceFunnyTests.debug.xcconfig */;
			buildSettings = {
				ALWAYS_EMBED_SWIFT_STANDARD_LIBRARIES = YES;
				BUNDLE_LOADER = "$(TEST_HOST)";
				CODE_SIGN_STYLE = Automatic;
				DEVELOPMENT_TEAM = JGXXBSPSUH;
				INFOPLIST_FILE = FaceFunnyTests/Info.plist;
				LD_RUNPATH_SEARCH_PATHS = "$(inherited) @executable_path/Frameworks @loader_path/Frameworks";
				PRODUCT_BUNDLE_IDENTIFIER = vqbach.FaceFunnyTests;
				PRODUCT_NAME = "$(TARGET_NAME)";
				SWIFT_VERSION = 4.0;
				TARGETED_DEVICE_FAMILY = "1,2";
				TEST_HOST = "$(BUILT_PRODUCTS_DIR)/FaceFunny.app/FaceFunny";
			};
			name = Debug;
		};
		2CE254612083B4840046AC49 /* Release */ = {
			isa = XCBuildConfiguration;
			baseConfigurationReference = 0CFF3BCC02918157A67B0993 /* Pods-FaceFunnyTests.release.xcconfig */;
			buildSettings = {
				ALWAYS_EMBED_SWIFT_STANDARD_LIBRARIES = YES;
				BUNDLE_LOADER = "$(TEST_HOST)";
				CODE_SIGN_STYLE = Automatic;
				DEVELOPMENT_TEAM = JGXXBSPSUH;
				INFOPLIST_FILE = FaceFunnyTests/Info.plist;
				LD_RUNPATH_SEARCH_PATHS = "$(inherited) @executable_path/Frameworks @loader_path/Frameworks";
				PRODUCT_BUNDLE_IDENTIFIER = vqbach.FaceFunnyTests;
				PRODUCT_NAME = "$(TARGET_NAME)";
				SWIFT_VERSION = 4.0;
				TARGETED_DEVICE_FAMILY = "1,2";
				TEST_HOST = "$(BUILT_PRODUCTS_DIR)/FaceFunny.app/FaceFunny";
			};
			name = Release;
		};
		2CE254632083B4840046AC49 /* Debug */ = {
			isa = XCBuildConfiguration;
			baseConfigurationReference = 479189E96AF6912CF74B8467 /* Pods-FaceFunnyUITests.debug.xcconfig */;
			buildSettings = {
				ALWAYS_EMBED_SWIFT_STANDARD_LIBRARIES = YES;
				CODE_SIGN_STYLE = Automatic;
				DEVELOPMENT_TEAM = JGXXBSPSUH;
				INFOPLIST_FILE = FaceFunnyUITests/Info.plist;
				LD_RUNPATH_SEARCH_PATHS = "$(inherited) @executable_path/Frameworks @loader_path/Frameworks";
				PRODUCT_BUNDLE_IDENTIFIER = vqbach.FaceFunnyUITests;
				PRODUCT_NAME = "$(TARGET_NAME)";
				SWIFT_VERSION = 4.0;
				TARGETED_DEVICE_FAMILY = "1,2";
				TEST_TARGET_NAME = FaceFunny;
			};
			name = Debug;
		};
		2CE254642083B4840046AC49 /* Release */ = {
			isa = XCBuildConfiguration;
			baseConfigurationReference = A7016DDBBAD44B4BBEE17DB8 /* Pods-FaceFunnyUITests.release.xcconfig */;
			buildSettings = {
				ALWAYS_EMBED_SWIFT_STANDARD_LIBRARIES = YES;
				CODE_SIGN_STYLE = Automatic;
				DEVELOPMENT_TEAM = JGXXBSPSUH;
				INFOPLIST_FILE = FaceFunnyUITests/Info.plist;
				LD_RUNPATH_SEARCH_PATHS = "$(inherited) @executable_path/Frameworks @loader_path/Frameworks";
				PRODUCT_BUNDLE_IDENTIFIER = vqbach.FaceFunnyUITests;
				PRODUCT_NAME = "$(TARGET_NAME)";
				SWIFT_VERSION = 4.0;
				TARGETED_DEVICE_FAMILY = "1,2";
				TEST_TARGET_NAME = FaceFunny;
			};
			name = Release;
		};
/* End XCBuildConfiguration section */

/* Begin XCConfigurationList section */
		2CE2542F2083B4830046AC49 /* Build configuration list for PBXProject "FaceFunny" */ = {
			isa = XCConfigurationList;
			buildConfigurations = (
				2CE2545A2083B4840046AC49 /* Debug */,
				2CE2545B2083B4840046AC49 /* Release */,
			);
			defaultConfigurationIsVisible = 0;
			defaultConfigurationName = Release;
		};
		2CE2545C2083B4840046AC49 /* Build configuration list for PBXNativeTarget "FaceFunny" */ = {
			isa = XCConfigurationList;
			buildConfigurations = (
				2CE2545D2083B4840046AC49 /* Debug */,
				2CE2545E2083B4840046AC49 /* Release */,
			);
			defaultConfigurationIsVisible = 0;
			defaultConfigurationName = Release;
		};
		2CE2545F2083B4840046AC49 /* Build configuration list for PBXNativeTarget "FaceFunnyTests" */ = {
			isa = XCConfigurationList;
			buildConfigurations = (
				2CE254602083B4840046AC49 /* Debug */,
				2CE254612083B4840046AC49 /* Release */,
			);
			defaultConfigurationIsVisible = 0;
			defaultConfigurationName = Release;
		};
		2CE254622083B4840046AC49 /* Build configuration list for PBXNativeTarget "FaceFunnyUITests" */ = {
			isa = XCConfigurationList;
			buildConfigurations = (
				2CE254632083B4840046AC49 /* Debug */,
				2CE254642083B4840046AC49 /* Release */,
			);
			defaultConfigurationIsVisible = 0;
			defaultConfigurationName = Release;
		};
/* End XCConfigurationList section */
	};
	rootObject = 2CE2542C2083B4830046AC49 /* Project object */;
}
